
Microsoft Visual Studio Solution File, Format Version 12.00
# Visual Studio Version 16
VisualStudioVersion = 16.0.32428.217
MinimumVisualStudioVersion = 10.0.40219.1
Project("{FAE04EC0-301F-11D3-BF4B-00C04F79EFBC}") = "PayoneerExam", "PayoneerExam\PayoneerExam.csproj", "{C6062008-6DE4-4074-B2B2-64DD13E8563F}"
EndProject
Global
	GlobalSection(SolutionConfigurationPlatforms) = preSolution
		Debug|Any CPU = Debug|Any CPU
		Release|Any CPU = Release|Any CPU
	EndGlobalSection
	GlobalSection(ProjectConfigurationPlatforms) = postSolution
		{C6062008-6DE4-4074-B2B2-64DD13E8563F}.Debug|Any CPU.ActiveCfg = Debug|Any CPU
		{C6062008-6DE4-4074-B2B2-64DD13E8563F}.Debug|Any CPU.Build.0 = Debug|Any CPU
		{C6062008-6DE4-4074-B2B2-64DD13E8563F}.Release|Any CPU.ActiveCfg = Release|Any CPU
		{C6062008-6DE4-4074-B2B2-64DD13E8563F}.Release|Any CPU.Build.0 = Release|Any CPU
	EndGlobalSection
	GlobalSection(SolutionProperties) = preSolution
		HideSolutionNode = FALSE
	EndGlobalSection
	GlobalSection(ExtensibilityGlobals) = postSolution
		SolutionGuid = {A30638A6-7A0F-41F8-BD6F-B5EA70EA2890}
	EndGlobalSection
EndGlobal
